
Microsoft Visual Studio Solution File, Format Version 12.00
# Visual Studio Version 16
VisualStudioVersion = 16.0.30804.86
MinimumVisualStudioVersion = 10.0.40219.1
Project("{FAE04EC0-301F-11D3-BF4B-00C04F79EFBC}") = "BigSchool", "BigSchool\BigSchool.csproj", "{23F17282-EA96-4ACB-A336-4E5A1B4F775C}"
EndProject
Global
	GlobalSection(SolutionConfigurationPlatforms) = preSolution
		Debug|Any CPU = Debug|Any CPU
		Release|Any CPU = Release|Any CPU
	EndGlobalSection
	GlobalSection(ProjectConfigurationPlatforms) = postSolution
		{23F17282-EA96-4ACB-A336-4E5A1B4F775C}.Debug|Any CPU.ActiveCfg = Debug|Any CPU
		{23F17282-EA96-4ACB-A336-4E5A1B4F775C}.Debug|Any CPU.Build.0 = Debug|Any CPU
		{23F17282-EA96-4ACB-A336-4E5A1B4F775C}.Release|Any CPU.ActiveCfg = Release|Any CPU
		{23F17282-EA96-4ACB-A336-4E5A1B4F775C}.Release|Any CPU.Build.0 = Release|Any CPU
	EndGlobalSection
	GlobalSection(SolutionProperties) = preSolution
		HideSolutionNode = FALSE
	EndGlobalSection
	GlobalSection(ExtensibilityGlobals) = postSolution
		SolutionGuid = {1ADA7F6D-BBF8-4BDA-8FE7-0924711C1BD9}
	EndGlobalSection
EndGlobal
